
Microsoft Visual Studio Solution File, Format Version 12.00
# Visual Studio Version 16
VisualStudioVersion = 16.0.29728.190
MinimumVisualStudioVersion = 10.0.40219.1
Project("{FAE04EC0-301F-11D3-BF4B-00C04F79EFBC}") = "Soccer.Common", "Soccer.Common\Soccer.Common.csproj", "{EB0328FC-BEAB-4885-9A67-204B7B71D8CA}"
EndProject
Project("{FAE04EC0-301F-11D3-BF4B-00C04F79EFBC}") = "Soccer.Web", "Soccer.Web\Soccer.Web.csproj", "{8BF53F50-A895-4A84-AAE3-927FBDD67D44}"
EndProject
Project("{FAE04EC0-301F-11D3-BF4B-00C04F79EFBC}") = "Soccer.Prism", "Soccer.Prism\Soccer.Prism\Soccer.Prism.csproj", "{8FBEFF36-FED0-46A7-9C76-501E325EBFA9}"
EndProject
Project("{FAE04EC0-301F-11D3-BF4B-00C04F79EFBC}") = "Soccer.Prism.Android", "Soccer.Prism\Soccer.Prism.Android\Soccer.Prism.Android.csproj", "{52EDD254-4BBB-4174-9B26-ABE9A3E6DB54}"
EndProject
Project("{FAE04EC0-301F-11D3-BF4B-00C04F79EFBC}") = "Soccer.Prism.iOS", "Soccer.Prism\Soccer.Prism.iOS\Soccer.Prism.iOS.csproj", "{971C42C4-1EBC-4CD2-B715-029647E7B158}"
EndProject
Project("{FAE04EC0-301F-11D3-BF4B-00C04F79EFBC}") = "Soccer.Cross.Android", "Soccer.Cross.Android\Soccer.Cross.Android.csproj", "{A56CC5B9-7F74-4081-A233-B0E50CA56B1B}"
EndProject
Global
	GlobalSection(SolutionConfigurationPlatforms) = preSolution
		Ad-Hoc|Any CPU = Ad-Hoc|Any CPU
		Ad-Hoc|iPhone = Ad-Hoc|iPhone
		Ad-Hoc|iPhoneSimulator = Ad-Hoc|iPhoneSimulator
		AppStore|Any CPU = AppStore|Any CPU
		AppStore|iPhone = AppStore|iPhone
		AppStore|iPhoneSimulator = AppStore|iPhoneSimulator
		Debug|Any CPU = Debug|Any CPU
		Debug|iPhone = Debug|iPhone
		Debug|iPhoneSimulator = Debug|iPhoneSimulator
		Release|Any CPU = Release|Any CPU
		Release|iPhone = Release|iPhone
		Release|iPhoneSimulator = Release|iPhoneSimulator
	EndGlobalSection
	GlobalSection(ProjectConfigurationPlatforms) = postSolution
		{EB0328FC-BEAB-4885-9A67-204B7B71D8CA}.Ad-Hoc|Any CPU.ActiveCfg = Debug|Any CPU
		{EB0328FC-BEAB-4885-9A67-204B7B71D8CA}.Ad-Hoc|Any CPU.Build.0 = Debug|Any CPU
		{EB0328FC-BEAB-4885-9A67-204B7B71D8CA}.Ad-Hoc|iPhone.ActiveCfg = Debug|Any CPU
		{EB0328FC-BEAB-4885-9A67-204B7B71D8CA}.Ad-Hoc|iPhone.Build.0 = Debug|Any CPU
		{EB0328FC-BEAB-4885-9A67-204B7B71D8CA}.Ad-Hoc|iPhoneSimulator.ActiveCfg = Debug|Any CPU
		{EB0328FC-BEAB-4885-9A67-204B7B71D8CA}.Ad-Hoc|iPhoneSimulator.Build.0 = Debug|Any CPU
		{EB0328FC-BEAB-4885-9A67-204B7B71D8CA}.AppStore|Any CPU.ActiveCfg = Debug|Any CPU
		{EB0328FC-BEAB-4885-9A67-204B7B71D8CA}.AppStore|Any CPU.Build.0 = Debug|Any CPU
		{EB0328FC-BEAB-4885-9A67-204B7B71D8CA}.AppStore|iPhone.ActiveCfg = Debug|Any CPU
		{EB0328FC-BEAB-4885-9A67-204B7B71D8CA}.AppStore|iPhone.Build.0 = Debug|Any CPU
		{EB0328FC-BEAB-4885-9A67-204B7B71D8CA}.AppStore|iPhoneSimulator.ActiveCfg = Debug|Any CPU
		{EB0328FC-BEAB-4885-9A67-204B7B71D8CA}.AppStore|iPhoneSimulator.Build.0 = Debug|Any CPU
		{EB0328FC-BEAB-4885-9A67-204B7B71D8CA}.Debug|Any CPU.ActiveCfg = Debug|Any CPU
		{EB0328FC-BEAB-4885-9A67-204B7B71D8CA}.Debug|Any CPU.Build.0 = Debug|Any CPU
		{EB0328FC-BEAB-4885-9A67-204B7B71D8CA}.Debug|iPhone.ActiveCfg = Debug|Any CPU
		{EB0328FC-BEAB-4885-9A67-204B7B71D8CA}.Debug|iPhone.Build.0 = Debug|Any CPU
		{EB0328FC-BEAB-4885-9A67-204B7B71D8CA}.Debug|iPhoneSimulator.ActiveCfg = Debug|Any CPU
		{EB0328FC-BEAB-4885-9A67-204B7B71D8CA}.Debug|iPhoneSimulator.Build.0 = Debug|Any CPU
		{EB0328FC-BEAB-4885-9A67-204B7B71D8CA}.Release|Any CPU.ActiveCfg = Release|Any CPU
		{EB0328FC-BEAB-4885-9A67-204B7B71D8CA}.Release|Any CPU.Build.0 = Release|Any CPU
		{EB0328FC-BEAB-4885-9A67-204B7B71D8CA}.Release|iPhone.ActiveCfg = Release|Any CPU
		{EB0328FC-BEAB-4885-9A67-204B7B71D8CA}.Release|iPhone.Build.0 = Release|Any CPU
		{EB0328FC-BEAB-4885-9A67-204B7B71D8CA}.Release|iPhoneSimulator.ActiveCfg = Release|Any CPU
		{EB0328FC-BEAB-4885-9A67-204B7B71D8CA}.Release|iPhoneSimulator.Build.0 = Release|Any CPU
		{8BF53F50-A895-4A84-AAE3-927FBDD67D44}.Ad-Hoc|Any CPU.ActiveCfg = Debug|Any CPU
		{8BF53F50-A895-4A84-AAE3-927FBDD67D44}.Ad-Hoc|Any CPU.Build.0 = Debug|Any CPU
		{8BF53F50-A895-4A84-AAE3-927FBDD67D44}.Ad-Hoc|iPhone.ActiveCfg = Debug|Any CPU
		{8BF53F50-A895-4A84-AAE3-927FBDD67D44}.Ad-Hoc|iPhone.Build.0 = Debug|Any CPU
		{8BF53F50-A895-4A84-AAE3-927FBDD67D44}.Ad-Hoc|iPhoneSimulator.ActiveCfg = Debug|Any CPU
		{8BF53F50-A895-4A84-AAE3-927FBDD67D44}.Ad-Hoc|iPhoneSimulator.Build.0 = Debug|Any CPU
		{8BF53F50-A895-4A84-AAE3-927FBDD67D44}.AppStore|Any CPU.ActiveCfg = Debug|Any CPU
		{8BF53F50-A895-4A84-AAE3-927FBDD67D44}.AppStore|Any CPU.Build.0 = Debug|Any CPU
		{8BF53F50-A895-4A84-AAE3-927FBDD67D44}.AppStore|iPhone.ActiveCfg = Debug|Any CPU
		{8BF53F50-A895-4A84-AAE3-927FBDD67D44}.AppStore|iPhone.Build.0 = Debug|Any CPU
		{8BF53F50-A895-4A84-AAE3-927FBDD67D44}.AppStore|iPhoneSimulator.ActiveCfg = Debug|Any CPU
		{8BF53F50-A895-4A84-AAE3-927FBDD67D44}.AppStore|iPhoneSimulator.Build.0 = Debug|Any CPU
		{8BF53F50-A895-4A84-AAE3-927FBDD67D44}.Debug|Any CPU.ActiveCfg = Debug|Any CPU
		{8BF53F50-A895-4A84-AAE3-927FBDD67D44}.Debug|Any CPU.Build.0 = Debug|Any CPU
		{8BF53F50-A895-4A84-AAE3-927FBDD67D44}.Debug|iPhone.ActiveCfg = Debug|Any CPU
		{8BF53F50-A895-4A84-AAE3-927FBDD67D44}.Debug|iPhone.Build.0 = Debug|Any CPU
		{8BF53F50-A895-4A84-AAE3-927FBDD67D44}.Debug|iPhoneSimulator.ActiveCfg = Debug|Any CPU
		{8BF53F50-A895-4A84-AAE3-927FBDD67D44}.Debug|iPhoneSimulator.Build.0 = Debug|Any CPU
		{8BF53F50-A895-4A84-AAE3-927FBDD67D44}.Release|Any CPU.ActiveCfg = Release|Any CPU
		{8BF53F50-A895-4A84-AAE3-927FBDD67D44}.Release|Any CPU.Build.0 = Release|Any CPU
		{8BF53F50-A895-4A84-AAE3-927FBDD67D44}.Release|iPhone.ActiveCfg = Release|Any CPU
		{8BF53F50-A895-4A84-AAE3-927FBDD67D44}.Release|iPhone.Build.0 = Release|Any CPU
		{8BF53F50-A895-4A84-AAE3-927FBDD67D44}.Release|iPhoneSimulator.ActiveCfg = Release|Any CPU
		{8BF53F50-A895-4A84-AAE3-927FBDD67D44}.Release|iPhoneSimulator.Build.0 = Release|Any CPU
		{8FBEFF36-FED0-46A7-9C76-501E325EBFA9}.Ad-Hoc|Any CPU.ActiveCfg = Debug|Any CPU
		{8FBEFF36-FED0-46A7-9C76-501E325EBFA9}.Ad-Hoc|Any CPU.Build.0 = Debug|Any CPU
		{8FBEFF36-FED0-46A7-9C76-501E325EBFA9}.Ad-Hoc|iPhone.ActiveCfg = Debug|Any CPU
		{8FBEFF36-FED0-46A7-9C76-501E325EBFA9}.Ad-Hoc|iPhone.Build.0 = Debug|Any CPU
		{8FBEFF36-FED0-46A7-9C76-501E325EBFA9}.Ad-Hoc|iPhoneSimulator.ActiveCfg = Debug|Any CPU
		{8FBEFF36-FED0-46A7-9C76-501E325EBFA9}.Ad-Hoc|iPhoneSimulator.Build.0 = Debug|Any CPU
		{8FBEFF36-FED0-46A7-9C76-501E325EBFA9}.AppStore|Any CPU.ActiveCfg = Debug|Any CPU
		{8FBEFF36-FED0-46A7-9C76-501E325EBFA9}.AppStore|Any CPU.Build.0 = Debug|Any CPU
		{8FBEFF36-FED0-46A7-9C76-501E325EBFA9}.AppStore|iPhone.ActiveCfg = Debug|Any CPU
		{8FBEFF36-FED0-46A7-9C76-501E325EBFA9}.AppStore|iPhone.Build.0 = Debug|Any CPU
		{8FBEFF36-FED0-46A7-9C76-501E325EBFA9}.AppStore|iPhoneSimulator.ActiveCfg = Debug|Any CPU
		{8FBEFF36-FED0-46A7-9C76-501E325EBFA9}.AppStore|iPhoneSimulator.Build.0 = Debug|Any CPU
		{8FBEFF36-FED0-46A7-9C76-501E325EBFA9}.Debug|Any CPU.ActiveCfg = Debug|Any CPU
		{8FBEFF36-FED0-46A7-9C76-501E325EBFA9}.Debug|Any CPU.Build.0 = Debug|Any CPU
		{8FBEFF36-FED0-46A7-9C76-501E325EBFA9}.Debug|iPhone.ActiveCfg = Debug|Any CPU
		{8FBEFF36-FED0-46A7-9C76-501E325EBFA9}.Debug|iPhone.Build.0 = Debug|Any CPU
		{8FBEFF36-FED0-46A7-9C76-501E325EBFA9}.Debug|iPhoneSimulator.ActiveCfg = Debug|Any CPU
		{8FBEFF36-FED0-46A7-9C76-501E325EBFA9}.Debug|iPhoneSimulator.Build.0 = Debug|Any CPU
		{8FBEFF36-FED0-46A7-9C76-501E325EBFA9}.Release|Any CPU.ActiveCfg = Release|Any CPU
		{8FBEFF36-FED0-46A7-9C76-501E325EBFA9}.Release|Any CPU.Build.0 = Release|Any CPU
		{8FBEFF36-FED0-46A7-9C76-501E325EBFA9}.Release|iPhone.ActiveCfg = Release|Any CPU
		{8FBEFF36-FED0-46A7-9C76-501E325EBFA9}.Release|iPhone.Build.0 = Release|Any CPU
		{8FBEFF36-FED0-46A7-9C76-501E325EBFA9}.Release|iPhoneSimulator.ActiveCfg = Release|Any CPU
		{8FBEFF36-FED0-46A7-9C76-501E325EBFA9}.Release|iPhoneSimulator.Build.0 = Release|Any CPU
		{52EDD254-4BBB-4174-9B26-ABE9A3E6DB54}.Ad-Hoc|Any CPU.ActiveCfg = Release|Any CPU
		{52EDD254-4BBB-4174-9B26-ABE9A3E6DB54}.Ad-Hoc|Any CPU.Build.0 = Release|Any CPU
		{52EDD254-4BBB-4174-9B26-ABE9A3E6DB54}.Ad-Hoc|Any CPU.Deploy.0 = Release|Any CPU
		{52EDD254-4BBB-4174-9B26-ABE9A3E6DB54}.Ad-Hoc|iPhone.ActiveCfg = Release|Any CPU
		{52EDD254-4BBB-4174-9B26-ABE9A3E6DB54}.Ad-Hoc|iPhone.Build.0 = Release|Any CPU
		{52EDD254-4BBB-4174-9B26-ABE9A3E6DB54}.Ad-Hoc|iPhone.Deploy.0 = Release|Any CPU
		{52EDD254-4BBB-4174-9B26-ABE9A3E6DB54}.Ad-Hoc|iPhoneSimulator.ActiveCfg = Release|Any CPU
		{52EDD254-4BBB-4174-9B26-ABE9A3E6DB54}.Ad-Hoc|iPhoneSimulator.Build.0 = Release|Any CPU
		{52EDD254-4BBB-4174-9B26-ABE9A3E6DB54}.Ad-Hoc|iPhoneSimulator.Deploy.0 = Release|Any CPU
		{52EDD254-4BBB-4174-9B26-ABE9A3E6DB54}.AppStore|Any CPU.ActiveCfg = Release|Any CPU
		{52EDD254-4BBB-4174-9B26-ABE9A3E6DB54}.AppStore|Any CPU.Build.0 = Release|Any CPU
		{52EDD254-4BBB-4174-9B26-ABE9A3E6DB54}.AppStore|Any CPU.Deploy.0 = Release|Any CPU
		{52EDD254-4BBB-4174-9B26-ABE9A3E6DB54}.AppStore|iPhone.ActiveCfg = Release|Any CPU
		{52EDD254-4BBB-4174-9B26-ABE9A3E6DB54}.AppStore|iPhone.Build.0 = Release|Any CPU
		{52EDD254-4BBB-4174-9B26-ABE9A3E6DB54}.AppStore|iPhone.Deploy.0 = Release|Any CPU
		{52EDD254-4BBB-4174-9B26-ABE9A3E6DB54}.AppStore|iPhoneSimulator.ActiveCfg = Release|Any CPU
		{52EDD254-4BBB-4174-9B26-ABE9A3E6DB54}.AppStore|iPhoneSimulator.Build.0 = Release|Any CPU
		{52EDD254-4BBB-4174-9B26-ABE9A3E6DB54}.AppStore|iPhoneSimulator.Deploy.0 = Release|Any CPU
		{52EDD254-4BBB-4174-9B26-ABE9A3E6DB54}.Debug|Any CPU.ActiveCfg = Debug|Any CPU
		{52EDD254-4BBB-4174-9B26-ABE9A3E6DB54}.Debug|Any CPU.Build.0 = Debug|Any CPU
		{52EDD254-4BBB-4174-9B26-ABE9A3E6DB54}.Debug|Any CPU.Deploy.0 = Debug|Any CPU
		{52EDD254-4BBB-4174-9B26-ABE9A3E6DB54}.Debug|iPhone.ActiveCfg = Debug|Any CPU
		{52EDD254-4BBB-4174-9B26-ABE9A3E6DB54}.Debug|iPhone.Build.0 = Debug|Any CPU
		{52EDD254-4BBB-4174-9B26-ABE9A3E6DB54}.Debug|iPhone.Deploy.0 = Debug|Any CPU
		{52EDD254-4BBB-4174-9B26-ABE9A3E6DB54}.Debug|iPhoneSimulator.ActiveCfg = Debug|Any CPU
		{52EDD254-4BBB-4174-9B26-ABE9A3E6DB54}.Debug|iPhoneSimulator.Build.0 = Debug|Any CPU
		{52EDD254-4BBB-4174-9B26-ABE9A3E6DB54}.Debug|iPhoneSimulator.Deploy.0 = Debug|Any CPU
		{52EDD254-4BBB-4174-9B26-ABE9A3E6DB54}.Release|Any CPU.ActiveCfg = Release|Any CPU
		{52EDD254-4BBB-4174-9B26-ABE9A3E6DB54}.Release|Any CPU.Build.0 = Release|Any CPU
		{52EDD254-4BBB-4174-9B26-ABE9A3E6DB54}.Release|Any CPU.Deploy.0 = Release|Any CPU
		{52EDD254-4BBB-4174-9B26-ABE9A3E6DB54}.Release|iPhone.ActiveCfg = Release|Any CPU
		{52EDD254-4BBB-4174-9B26-ABE9A3E6DB54}.Release|iPhone.Build.0 = Release|Any CPU
		{52EDD254-4BBB-4174-9B26-ABE9A3E6DB54}.Release|iPhone.Deploy.0 = Release|Any CPU
		{52EDD254-4BBB-4174-9B26-ABE9A3E6DB54}.Release|iPhoneSimulator.ActiveCfg = Release|Any CPU
		{52EDD254-4BBB-4174-9B26-ABE9A3E6DB54}.Release|iPhoneSimulator.Build.0 = Release|Any CPU
		{52EDD254-4BBB-4174-9B26-ABE9A3E6DB54}.Release|iPhoneSimulator.Deploy.0 = Release|Any CPU
		{971C42C4-1EBC-4CD2-B715-029647E7B158}.Ad-Hoc|Any CPU.ActiveCfg = Ad-Hoc|iPhone
		{971C42C4-1EBC-4CD2-B715-029647E7B158}.Ad-Hoc|iPhone.ActiveCfg = Ad-Hoc|iPhone
		{971C42C4-1EBC-4CD2-B715-029647E7B158}.Ad-Hoc|iPhone.Build.0 = Ad-Hoc|iPhone
		{971C42C4-1EBC-4CD2-B715-029647E7B158}.Ad-Hoc|iPhoneSimulator.ActiveCfg = Ad-Hoc|iPhoneSimulator
		{971C42C4-1EBC-4CD2-B715-029647E7B158}.Ad-Hoc|iPhoneSimulator.Build.0 = Ad-Hoc|iPhoneSimulator
		{971C42C4-1EBC-4CD2-B715-029647E7B158}.AppStore|Any CPU.ActiveCfg = AppStore|iPhone
		{971C42C4-1EBC-4CD2-B715-029647E7B158}.AppStore|iPhone.ActiveCfg = AppStore|iPhone
		{971C42C4-1EBC-4CD2-B715-029647E7B158}.AppStore|iPhone.Build.0 = AppStore|iPhone
		{971C42C4-1EBC-4CD2-B715-029647E7B158}.AppStore|iPhoneSimulator.ActiveCfg = AppStore|iPhoneSimulator
		{971C42C4-1EBC-4CD2-B715-029647E7B158}.AppStore|iPhoneSimulator.Build.0 = AppStore|iPhoneSimulator
		{971C42C4-1EBC-4CD2-B715-029647E7B158}.Debug|Any CPU.ActiveCfg = Debug|iPhone
		{971C42C4-1EBC-4CD2-B715-029647E7B158}.Debug|iPhone.ActiveCfg = Debug|iPhone
		{971C42C4-1EBC-4CD2-B715-029647E7B158}.Debug|iPhone.Build.0 = Debug|iPhone
		{971C42C4-1EBC-4CD2-B715-029647E7B158}.Debug|iPhoneSimulator.ActiveCfg = Debug|iPhoneSimulator
		{971C42C4-1EBC-4CD2-B715-029647E7B158}.Debug|iPhoneSimulator.Build.0 = Debug|iPhoneSimulator
		{971C42C4-1EBC-4CD2-B715-029647E7B158}.Release|Any CPU.ActiveCfg = Release|iPhone
		{971C42C4-1EBC-4CD2-B715-029647E7B158}.Release|iPhone.ActiveCfg = Release|iPhone
		{971C42C4-1EBC-4CD2-B715-029647E7B158}.Release|iPhone.Build.0 = Release|iPhone
		{971C42C4-1EBC-4CD2-B715-029647E7B158}.Release|iPhoneSimulator.ActiveCfg = Release|iPhoneSimulator
		{971C42C4-1EBC-4CD2-B715-029647E7B158}.Release|iPhoneSimulator.Build.0 = Release|iPhoneSimulator
		{A56CC5B9-7F74-4081-A233-B0E50CA56B1B}.Ad-Hoc|Any CPU.ActiveCfg = Release|Any CPU
		{A56CC5B9-7F74-4081-A233-B0E50CA56B1B}.Ad-Hoc|Any CPU.Build.0 = Release|Any CPU
		{A56CC5B9-7F74-4081-A233-B0E50CA56B1B}.Ad-Hoc|Any CPU.Deploy.0 = Release|Any CPU
		{A56CC5B9-7F74-4081-A233-B0E50CA56B1B}.Ad-Hoc|iPhone.ActiveCfg = Release|Any CPU
		{A56CC5B9-7F74-4081-A233-B0E50CA56B1B}.Ad-Hoc|iPhone.Build.0 = Release|Any CPU
		{A56CC5B9-7F74-4081-A233-B0E50CA56B1B}.Ad-Hoc|iPhone.Deploy.0 = Release|Any CPU
		{A56CC5B9-7F74-4081-A233-B0E50CA56B1B}.Ad-Hoc|iPhoneSimulator.ActiveCfg = Release|Any CPU
		{A56CC5B9-7F74-4081-A233-B0E50CA56B1B}.Ad-Hoc|iPhoneSimulator.Build.0 = Release|Any CPU
		{A56CC5B9-7F74-4081-A233-B0E50CA56B1B}.Ad-Hoc|iPhoneSimulator.Deploy.0 = Release|Any CPU
		{A56CC5B9-7F74-4081-A233-B0E50CA56B1B}.AppStore|Any CPU.ActiveCfg = Release|Any CPU
		{A56CC5B9-7F74-4081-A233-B0E50CA56B1B}.AppStore|Any CPU.Build.0 = Release|Any CPU
		{A56CC5B9-7F74-4081-A233-B0E50CA56B1B}.AppStore|Any CPU.Deploy.0 = Release|Any CPU
		{A56CC5B9-7F74-4081-A233-B0E50CA56B1B}.AppStore|iPhone.ActiveCfg = Release|Any CPU
		{A56CC5B9-7F74-4081-A233-B0E50CA56B1B}.AppStore|iPhone.Build.0 = Release|Any CPU
		{A56CC5B9-7F74-4081-A233-B0E50CA56B1B}.AppStore|iPhone.Deploy.0 = Release|Any CPU
		{A56CC5B9-7F74-4081-A233-B0E50CA56B1B}.AppStore|iPhoneSimulator.ActiveCfg = Release|Any CPU
		{A56CC5B9-7F74-4081-A233-B0E50CA56B1B}.AppStore|iPhoneSimulator.Build.0 = Release|Any CPU
		{A56CC5B9-7F74-4081-A233-B0E50CA56B1B}.AppStore|iPhoneSimulator.Deploy.0 = Release|Any CPU
		{A56CC5B9-7F74-4081-A233-B0E50CA56B1B}.Debug|Any CPU.ActiveCfg = Debug|Any CPU
		{A56CC5B9-7F74-4081-A233-B0E50CA56B1B}.Debug|Any CPU.Build.0 = Debug|Any CPU
		{A56CC5B9-7F74-4081-A233-B0E50CA56B1B}.Debug|Any CPU.Deploy.0 = Debug|Any CPU
		{A56CC5B9-7F74-4081-A233-B0E50CA56B1B}.Debug|iPhone.ActiveCfg = Debug|Any CPU
		{A56CC5B9-7F74-4081-A233-B0E50CA56B1B}.Debug|iPhone.Build.0 = Debug|Any CPU
		{A56CC5B9-7F74-4081-A233-B0E50CA56B1B}.Debug|iPhone.Deploy.0 = Debug|Any CPU
		{A56CC5B9-7F74-4081-A233-B0E50CA56B1B}.Debug|iPhoneSimulator.ActiveCfg = Debug|Any CPU
		{A56CC5B9-7F74-4081-A233-B0E50CA56B1B}.Debug|iPhoneSimulator.Build.0 = Debug|Any CPU
		{A56CC5B9-7F74-4081-A233-B0E50CA56B1B}.Debug|iPhoneSimulator.Deploy.0 = Debug|Any CPU
		{A56CC5B9-7F74-4081-A233-B0E50CA56B1B}.Release|Any CPU.ActiveCfg = Release|Any CPU
		{A56CC5B9-7F74-4081-A233-B0E50CA56B1B}.Release|Any CPU.Build.0 = Release|Any CPU
		{A56CC5B9-7F74-4081-A233-B0E50CA56B1B}.Release|Any CPU.Deploy.0 = Release|Any CPU
		{A56CC5B9-7F74-4081-A233-B0E50CA56B1B}.Release|iPhone.ActiveCfg = Release|Any CPU
		{A56CC5B9-7F74-4081-A233-B0E50CA56B1B}.Release|iPhone.Build.0 = Release|Any CPU
		{A56CC5B9-7F74-4081-A233-B0E50CA56B1B}.Release|iPhone.Deploy.0 = Release|Any CPU
		{A56CC5B9-7F74-4081-A233-B0E50CA56B1B}.Release|iPhoneSimulator.ActiveCfg = Release|Any CPU
		{A56CC5B9-7F74-4081-A233-B0E50CA56B1B}.Release|iPhoneSimulator.Build.0 = Release|Any CPU
		{A56CC5B9-7F74-4081-A233-B0E50CA56B1B}.Release|iPhoneSimulator.Deploy.0 = Release|Any CPU
	EndGlobalSection
	GlobalSection(SolutionProperties) = preSolution
		HideSolutionNode = FALSE
	EndGlobalSection
	GlobalSection(ExtensibilityGlobals) = postSolution
		SolutionGuid = {9E791462-4532-4C9A-AC38-0CD23650E98F}
	EndGlobalSection
EndGlobal
